lockfileVersion: 5.3

specifiers:
  typescript: ^4.2.4

devDependencies:
  typescript: registry.nlark.com/typescript/4.2.4

packages:

  registry.nlark.com/typescript/4.2.4:
    resolution: {integrity: sha1-hhC1l0feAo/aiYqK7w4QPxVtCWE=, registry: https://registry.npm.taobao.org/, tarball: https://registry.nlark.com/typescript/download/typescript-4.2.4.tgz?cache=0&sync_timestamp=1619163297968&other_urls=https%3A%2F%2Fregistry.nlark.com%2Ftypescript%2Fdownload%2Ftypescript-4.2.4.tgz}
    name: typescript
    version: 4.2.4
    engines: {node: '>=4.2.0'}
    hasBin: true
    dev: true
